
Microsoft Visual Studio Solution File, Format Version 12.00
# Visual Studio 15
VisualStudioVersion = 15.0.27130.2027
MinimumVisualStudioVersion = 10.0.40219.1
Project("{FAE04EC0-301F-11D3-BF4B-00C04F79EFBC}") = "Test_parser_Work", "Test_parser_Work\Test_parser_Work.csproj", "{CE3DEC67-A1E4-4A69-AD59-17C5A586236E}"
EndProject
Global
	GlobalSection(SolutionConfigurationPlatforms) = preSolution
		Debug|Any CPU = Debug|Any CPU
		Release|Any CPU = Release|Any CPU
	EndGlobalSection
	GlobalSection(ProjectConfigurationPlatforms) = postSolution
		{CE3DEC67-A1E4-4A69-AD59-17C5A586236E}.Debug|Any CPU.ActiveCfg = Debug|Any CPU
		{CE3DEC67-A1E4-4A69-AD59-17C5A586236E}.Debug|Any CPU.Build.0 = Debug|Any CPU
		{CE3DEC67-A1E4-4A69-AD59-17C5A586236E}.Release|Any CPU.ActiveCfg = Release|Any CPU
		{CE3DEC67-A1E4-4A69-AD59-17C5A586236E}.Release|Any CPU.Build.0 = Release|Any CPU
	EndGlobalSection
	GlobalSection(SolutionProperties) = preSolution
		HideSolutionNode = FALSE
	EndGlobalSection
	GlobalSection(ExtensibilityGlobals) = postSolution
		SolutionGuid = {B434C910-F364-4D25-B705-9BDFA98247FF}
	EndGlobalSection
EndGlobal
